
Microsoft Visual Studio Solution File, Format Version 12.00
# Visual Studio 15
VisualStudioVersion = 15.0.28307.1382
MinimumVisualStudioVersion = 10.0.40219.1
Project("{D2ABAB84-BF74-430A-B69E-9DC6D40DDA17}") = "Proyecto1_multidimencional", "Proyecto1_multidimencional\Proyecto1_multidimencional.dwproj", "{173D1846-9C43-4F69-95A1-29F2D09BE398}"
EndProject
Global
	GlobalSection(SolutionConfigurationPlatforms) = preSolution
		Development|Default = Development|Default
	EndGlobalSection
	GlobalSection(ProjectConfigurationPlatforms) = postSolution
		{173D1846-9C43-4F69-95A1-29F2D09BE398}.Development|Default.ActiveCfg = Development
		{173D1846-9C43-4F69-95A1-29F2D09BE398}.Development|Default.Build.0 = Development
		{173D1846-9C43-4F69-95A1-29F2D09BE398}.Development|Default.Deploy.0 = Development
	EndGlobalSection
	GlobalSection(SolutionProperties) = preSolution
		HideSolutionNode = FALSE
	EndGlobalSection
	GlobalSection(ExtensibilityGlobals) = postSolution
		SolutionGuid = {7466B7E6-72B1-4E1F-83B5-A00D40B44DA3}
	EndGlobalSection
EndGlobal
